
Microsoft Visual Studio Solution File, Format Version 12.00
# Visual Studio Version 17
VisualStudioVersion = 17.13.35825.156 d17.13
MinimumVisualStudioVersion = 10.0.40219.1
Project("{888888A0-9F3D-457C-B088-3A5042F75D52}") = "firstPythonClass", "firstPythonClass\firstPythonClass.pyproj", "{5578C909-0CD0-4800-A3C5-8251E234F6AA}"
EndProject
Global
	GlobalSection(SolutionConfigurationPlatforms) = preSolution
		Debug|Any CPU = Debug|Any CPU
		Release|Any CPU = Release|Any CPU
	EndGlobalSection
	GlobalSection(ProjectConfigurationPlatforms) = postSolution
		{5578C909-0CD0-4800-A3C5-8251E234F6AA}.Debug|Any CPU.ActiveCfg = Debug|Any CPU
		{5578C909-0CD0-4800-A3C5-8251E234F6AA}.Release|Any CPU.ActiveCfg = Release|Any CPU
	EndGlobalSection
	GlobalSection(SolutionProperties) = preSolution
		HideSolutionNode = FALSE
	EndGlobalSection
	GlobalSection(ExtensibilityGlobals) = postSolution
		SolutionGuid = {AE309768-C9CC-4DE2-A425-D3C60AC3318F}
	EndGlobalSection
EndGlobal
